
Microsoft Visual Studio Solution File, Format Version 12.00
# Visual Studio Version 17
VisualStudioVersion = 17.12.35728.132
MinimumVisualStudioVersion = 10.0.40219.1
Project("{FAE04EC0-301F-11D3-BF4B-00C04F79EFBC}") = "MyWerehouse.Server", "MyWerehouse.Server\MyWerehouse.Server.csproj", "{B2047AA1-5E3A-452C-834A-9E6BA0B23311}"
EndProject
Project("{54A90642-561A-4BB1-A94E-469ADEE60C69}") = "mywerehouse.client", "mywerehouse.client\mywerehouse.client.esproj", "{BC780A70-197F-444D-B48B-DD1083175E42}"
EndProject
Project("{FAE04EC0-301F-11D3-BF4B-00C04F79EFBC}") = "MyWerehouse.Domain", "MyWerehouse.Domain\MyWerehouse.Domain.csproj", "{05F23372-6D47-4BBA-B3B4-D4D8DD3011EC}"
EndProject
Project("{FAE04EC0-301F-11D3-BF4B-00C04F79EFBC}") = "MyWerehouse.Application", "MyWerehouse.Application\MyWerehouse.Application.csproj", "{BA6A92F4-462B-4226-AAB7-568E67F3F344}"
EndProject
Project("{FAE04EC0-301F-11D3-BF4B-00C04F79EFBC}") = "MyWerehouse.Infrastructure", "MyWerehouse.Infrastructure\MyWerehouse.Infrastructure.csproj", "{0E77C833-3369-47A3-BEE3-E31AA426E5F5}"
EndProject
Project("{FAE04EC0-301F-11D3-BF4B-00C04F79EFBC}") = "MyWerehouse.Test", "MyWerehouse.Test\MyWerehouse.Test.csproj", "{0AF61E7F-23F8-4C3B-9311-5F77DD6A22C5}"
EndProject
Project("{2150E333-8FDC-42A3-9474-1A3956D46DE8}") = "Solution Items", "Solution Items", "{8EC462FD-D22E-90A8-E5CE-7E832BA40C5D}"
	ProjectSection(SolutionItems) = preProject
		README.md = README.md
	EndProjectSection
EndProject
Global
	GlobalSection(SolutionConfigurationPlatforms) = preSolution
		Debug|Any CPU = Debug|Any CPU
		Release|Any CPU = Release|Any CPU
	EndGlobalSection
	GlobalSection(ProjectConfigurationPlatforms) = postSolution
		{B2047AA1-5E3A-452C-834A-9E6BA0B23311}.Debug|Any CPU.ActiveCfg = Debug|Any CPU
		{B2047AA1-5E3A-452C-834A-9E6BA0B23311}.Debug|Any CPU.Build.0 = Debug|Any CPU
		{B2047AA1-5E3A-452C-834A-9E6BA0B23311}.Release|Any CPU.ActiveCfg = Release|Any CPU
		{B2047AA1-5E3A-452C-834A-9E6BA0B23311}.Release|Any CPU.Build.0 = Release|Any CPU
		{BC780A70-197F-444D-B48B-DD1083175E42}.Debug|Any CPU.ActiveCfg = Debug|Any CPU
		{BC780A70-197F-444D-B48B-DD1083175E42}.Debug|Any CPU.Build.0 = Debug|Any CPU
		{BC780A70-197F-444D-B48B-DD1083175E42}.Debug|Any CPU.Deploy.0 = Debug|Any CPU
		{BC780A70-197F-444D-B48B-DD1083175E42}.Release|Any CPU.ActiveCfg = Release|Any CPU
		{BC780A70-197F-444D-B48B-DD1083175E42}.Release|Any CPU.Build.0 = Release|Any CPU
		{BC780A70-197F-444D-B48B-DD1083175E42}.Release|Any CPU.Deploy.0 = Release|Any CPU
		{05F23372-6D47-4BBA-B3B4-D4D8DD3011EC}.Debug|Any CPU.ActiveCfg = Debug|Any CPU
		{05F23372-6D47-4BBA-B3B4-D4D8DD3011EC}.Debug|Any CPU.Build.0 = Debug|Any CPU
		{05F23372-6D47-4BBA-B3B4-D4D8DD3011EC}.Release|Any CPU.ActiveCfg = Release|Any CPU
		{05F23372-6D47-4BBA-B3B4-D4D8DD3011EC}.Release|Any CPU.Build.0 = Release|Any CPU
		{BA6A92F4-462B-4226-AAB7-568E67F3F344}.Debug|Any CPU.ActiveCfg = Debug|Any CPU
		{BA6A92F4-462B-4226-AAB7-568E67F3F344}.Debug|Any CPU.Build.0 = Debug|Any CPU
		{BA6A92F4-462B-4226-AAB7-568E67F3F344}.Release|Any CPU.ActiveCfg = Release|Any CPU
		{BA6A92F4-462B-4226-AAB7-568E67F3F344}.Release|Any CPU.Build.0 = Release|Any CPU
		{0E77C833-3369-47A3-BEE3-E31AA426E5F5}.Debug|Any CPU.ActiveCfg = Debug|Any CPU
		{0E77C833-3369-47A3-BEE3-E31AA426E5F5}.Debug|Any CPU.Build.0 = Debug|Any CPU
		{0E77C833-3369-47A3-BEE3-E31AA426E5F5}.Release|Any CPU.ActiveCfg = Release|Any CPU
		{0E77C833-3369-47A3-BEE3-E31AA426E5F5}.Release|Any CPU.Build.0 = Release|Any CPU
		{0AF61E7F-23F8-4C3B-9311-5F77DD6A22C5}.Debug|Any CPU.ActiveCfg = Debug|Any CPU
		{0AF61E7F-23F8-4C3B-9311-5F77DD6A22C5}.Debug|Any CPU.Build.0 = Debug|Any CPU
		{0AF61E7F-23F8-4C3B-9311-5F77DD6A22C5}.Release|Any CPU.ActiveCfg = Release|Any CPU
		{0AF61E7F-23F8-4C3B-9311-5F77DD6A22C5}.Release|Any CPU.Build.0 = Release|Any CPU
	EndGlobalSection
	GlobalSection(SolutionProperties) = preSolution
		HideSolutionNode = FALSE
	EndGlobalSection
	GlobalSection(ExtensibilityGlobals) = postSolution
		SolutionGuid = {BEF407D7-F7CE-4758-A9BD-6B2D6478D55A}
	EndGlobalSection
EndGlobal
